
Microsoft Visual Studio Solution File, Format Version 12.00
# Visual Studio Version 17
VisualStudioVersion = 17.0.31912.275
MinimumVisualStudioVersion = 10.0.40219.1
Project("{FAE04EC0-301F-11D3-BF4B-00C04F79EFBC}") = "BlazorI18N.Server", "BlazorI18N\Server\BlazorI18N.Server.csproj", "{6349358F-326A-4675-B2BD-46AB375CCBD5}"
EndProject
Project("{FAE04EC0-301F-11D3-BF4B-00C04F79EFBC}") = "BlazorI18N.Client", "BlazorI18N\Client\BlazorI18N.Client.csproj", "{B7470EFF-A154-45F4-AB2E-5B419B8A5295}"
EndProject
Project("{FAE04EC0-301F-11D3-BF4B-00C04F79EFBC}") = "BlazorI18N.Shared", "BlazorI18N\Shared\BlazorI18N.Shared.csproj", "{4335CED7-FA00-4C10-B25C-D929A7E64272}"
EndProject
Global
	GlobalSection(SolutionConfigurationPlatforms) = preSolution
		Debug|Any CPU = Debug|Any CPU
		Release|Any CPU = Release|Any CPU
	EndGlobalSection
	GlobalSection(ProjectConfigurationPlatforms) = postSolution
		{6349358F-326A-4675-B2BD-46AB375CCBD5}.Debug|Any CPU.ActiveCfg = Debug|Any CPU
		{6349358F-326A-4675-B2BD-46AB375CCBD5}.Debug|Any CPU.Build.0 = Debug|Any CPU
		{6349358F-326A-4675-B2BD-46AB375CCBD5}.Release|Any CPU.ActiveCfg = Release|Any CPU
		{6349358F-326A-4675-B2BD-46AB375CCBD5}.Release|Any CPU.Build.0 = Release|Any CPU
		{B7470EFF-A154-45F4-AB2E-5B419B8A5295}.Debug|Any CPU.ActiveCfg = Debug|Any CPU
		{B7470EFF-A154-45F4-AB2E-5B419B8A5295}.Debug|Any CPU.Build.0 = Debug|Any CPU
		{B7470EFF-A154-45F4-AB2E-5B419B8A5295}.Release|Any CPU.ActiveCfg = Release|Any CPU
		{B7470EFF-A154-45F4-AB2E-5B419B8A5295}.Release|Any CPU.Build.0 = Release|Any CPU
		{4335CED7-FA00-4C10-B25C-D929A7E64272}.Debug|Any CPU.ActiveCfg = Debug|Any CPU
		{4335CED7-FA00-4C10-B25C-D929A7E64272}.Debug|Any CPU.Build.0 = Debug|Any CPU
		{4335CED7-FA00-4C10-B25C-D929A7E64272}.Release|Any CPU.ActiveCfg = Release|Any CPU
		{4335CED7-FA00-4C10-B25C-D929A7E64272}.Release|Any CPU.Build.0 = Release|Any CPU
	EndGlobalSection
	GlobalSection(SolutionProperties) = preSolution
		HideSolutionNode = FALSE
	EndGlobalSection
	GlobalSection(ExtensibilityGlobals) = postSolution
		SolutionGuid = {FF5A2EA6-DD76-48B8-AD65-8DB8C683377F}
	EndGlobalSection
EndGlobal
